Microsoft Visual Studio Solution File, Format Version 12.00
# Visual Studio Version 17
VisualStudioVersion = 17.5.2.0
MinimumVisualStudioVersion = 10.0.40219.1
Project("{2150E333-8FDC-42A3-9474-1A3956D46DE8}") = "quit-smoking-app", "quit-smoking-app", "{36062E6B-F736-B199-6197-81EBF7082327}"
EndProject
Project("{2150E333-8FDC-42A3-9474-1A3956D46DE8}") = "backend", "backend", "{14529156-82DD-8C74-E9C5-EADD899C67ED}"
EndProject
Project("{FAE04EC0-301F-11D3-BF4B-00C04F79EFBC}") = "QuitSmokingApi", "quit-smoking-app\backend\QuitSmokingApi\QuitSmokingApi.csproj", "{009A28CC-E558-B2B8-5DBB-113C3F95EA7C}"
EndProject
Global
	GlobalSection(SolutionConfigurationPlatforms) = preSolution
		Debug|Any CPU = Debug|Any CPU
		Release|Any CPU = Release|Any CPU
	EndGlobalSection
	GlobalSection(ProjectConfigurationPlatforms) = postSolution
		{009A28CC-E558-B2B8-5DBB-113C3F95EA7C}.Debug|Any CPU.ActiveCfg = Debug|Any CPU
		{009A28CC-E558-B2B8-5DBB-113C3F95EA7C}.Debug|Any CPU.Build.0 = Debug|Any CPU
		{009A28CC-E558-B2B8-5DBB-113C3F95EA7C}.Release|Any CPU.ActiveCfg = Release|Any CPU
		{009A28CC-E558-B2B8-5DBB-113C3F95EA7C}.Release|Any CPU.Build.0 = Release|Any CPU
	EndGlobalSection
	GlobalSection(SolutionProperties) = preSolution
		HideSolutionNode = FALSE
	EndGlobalSection
	GlobalSection(NestedProjects) = preSolution
		{14529156-82DD-8C74-E9C5-EADD899C67ED} = {36062E6B-F736-B199-6197-81EBF7082327}
		{009A28CC-E558-B2B8-5DBB-113C3F95EA7C} = {14529156-82DD-8C74-E9C5-EADD899C67ED}
	EndGlobalSection
	GlobalSection(ExtensibilityGlobals) = postSolution
		SolutionGuid = {5CAA2066-C225-4104-B255-9EABB70B8842}
	EndGlobalSection
EndGlobal
